
Microsoft Visual Studio Solution File, Format Version 11.00
# Visual Studio 2010
Project("{FAE04EC0-301F-11D3-BF4B-00C04F79EFBC}") = "autoboxing", "autoboxing\autoboxing.csproj", "{10A2B1A2-215C-41ED-8A38-1541836922FA}"
EndProject
Project("{FAE04EC0-301F-11D3-BF4B-00C04F79EFBC}") = "interfaces", "interfaces\interfaces.csproj", "{C71B9BF2-5E83-48DE-89A1-CCA51148BBCF}"
EndProject
Project("{FAE04EC0-301F-11D3-BF4B-00C04F79EFBC}") = "is.as", "is.as\is.as.csproj", "{EC31D866-D540-404B-A0DC-75AA3BCCEC7B}"
EndProject
Project("{FAE04EC0-301F-11D3-BF4B-00C04F79EFBC}") = "idisposable", "idisposable\idisposable.csproj", "{61986F0B-6421-4E6F-8D5F-3CC857A2BA27}"
EndProject
Project("{FAE04EC0-301F-11D3-BF4B-00C04F79EFBC}") = "dynamic.binding", "dynamic.binding\dynamic.binding.csproj", "{6C61AAA5-0D90-4DBD-9599-6F1B0EF2E473}"
EndProject
Global
	GlobalSection(SolutionConfigurationPlatforms) = preSolution
		Debug|Any CPU = Debug|Any CPU
		Debug|Mixed Platforms = Debug|Mixed Platforms
		Debug|x86 = Debug|x86
		Release|Any CPU = Release|Any CPU
		Release|Mixed Platforms = Release|Mixed Platforms
		Release|x86 = Release|x86
	EndGlobalSection
	GlobalSection(ProjectConfigurationPlatforms) = postSolution
		{10A2B1A2-215C-41ED-8A38-1541836922FA}.Debug|Any CPU.ActiveCfg = Debug|Any CPU
		{10A2B1A2-215C-41ED-8A38-1541836922FA}.Debug|Any CPU.Build.0 = Debug|Any CPU
		{10A2B1A2-215C-41ED-8A38-1541836922FA}.Debug|Mixed Platforms.ActiveCfg = Debug|Any CPU
		{10A2B1A2-215C-41ED-8A38-1541836922FA}.Debug|Mixed Platforms.Build.0 = Debug|Any CPU
		{10A2B1A2-215C-41ED-8A38-1541836922FA}.Debug|x86.ActiveCfg = Debug|Any CPU
		{10A2B1A2-215C-41ED-8A38-1541836922FA}.Release|Any CPU.ActiveCfg = Release|Any CPU
		{10A2B1A2-215C-41ED-8A38-1541836922FA}.Release|Any CPU.Build.0 = Release|Any CPU
		{10A2B1A2-215C-41ED-8A38-1541836922FA}.Release|Mixed Platforms.ActiveCfg = Release|Any CPU
		{10A2B1A2-215C-41ED-8A38-1541836922FA}.Release|Mixed Platforms.Build.0 = Release|Any CPU
		{10A2B1A2-215C-41ED-8A38-1541836922FA}.Release|x86.ActiveCfg = Release|Any CPU
		{C71B9BF2-5E83-48DE-89A1-CCA51148BBCF}.Debug|Any CPU.ActiveCfg = Debug|Any CPU
		{C71B9BF2-5E83-48DE-89A1-CCA51148BBCF}.Debug|Any CPU.Build.0 = Debug|Any CPU
		{C71B9BF2-5E83-48DE-89A1-CCA51148BBCF}.Debug|Mixed Platforms.ActiveCfg = Debug|Any CPU
		{C71B9BF2-5E83-48DE-89A1-CCA51148BBCF}.Debug|Mixed Platforms.Build.0 = Debug|Any CPU
		{C71B9BF2-5E83-48DE-89A1-CCA51148BBCF}.Debug|x86.ActiveCfg = Debug|Any CPU
		{C71B9BF2-5E83-48DE-89A1-CCA51148BBCF}.Release|Any CPU.ActiveCfg = Release|Any CPU
		{C71B9BF2-5E83-48DE-89A1-CCA51148BBCF}.Release|Any CPU.Build.0 = Release|Any CPU
		{C71B9BF2-5E83-48DE-89A1-CCA51148BBCF}.Release|Mixed Platforms.ActiveCfg = Release|Any CPU
		{C71B9BF2-5E83-48DE-89A1-CCA51148BBCF}.Release|Mixed Platforms.Build.0 = Release|Any CPU
		{C71B9BF2-5E83-48DE-89A1-CCA51148BBCF}.Release|x86.ActiveCfg = Release|Any CPU
		{EC31D866-D540-404B-A0DC-75AA3BCCEC7B}.Debug|Any CPU.ActiveCfg = Debug|x86
		{EC31D866-D540-404B-A0DC-75AA3BCCEC7B}.Debug|Mixed Platforms.ActiveCfg = Debug|x86
		{EC31D866-D540-404B-A0DC-75AA3BCCEC7B}.Debug|Mixed Platforms.Build.0 = Debug|x86
		{EC31D866-D540-404B-A0DC-75AA3BCCEC7B}.Debug|x86.ActiveCfg = Debug|x86
		{EC31D866-D540-404B-A0DC-75AA3BCCEC7B}.Debug|x86.Build.0 = Debug|x86
		{EC31D866-D540-404B-A0DC-75AA3BCCEC7B}.Release|Any CPU.ActiveCfg = Release|x86
		{EC31D866-D540-404B-A0DC-75AA3BCCEC7B}.Release|Mixed Platforms.ActiveCfg = Release|x86
		{EC31D866-D540-404B-A0DC-75AA3BCCEC7B}.Release|Mixed Platforms.Build.0 = Release|x86
		{EC31D866-D540-404B-A0DC-75AA3BCCEC7B}.Release|x86.ActiveCfg = Release|x86
		{EC31D866-D540-404B-A0DC-75AA3BCCEC7B}.Release|x86.Build.0 = Release|x86
		{61986F0B-6421-4E6F-8D5F-3CC857A2BA27}.Debug|Any CPU.ActiveCfg = Debug|x86
		{61986F0B-6421-4E6F-8D5F-3CC857A2BA27}.Debug|Mixed Platforms.ActiveCfg = Debug|x86
		{61986F0B-6421-4E6F-8D5F-3CC857A2BA27}.Debug|Mixed Platforms.Build.0 = Debug|x86
		{61986F0B-6421-4E6F-8D5F-3CC857A2BA27}.Debug|x86.ActiveCfg = Debug|x86
		{61986F0B-6421-4E6F-8D5F-3CC857A2BA27}.Debug|x86.Build.0 = Debug|x86
		{61986F0B-6421-4E6F-8D5F-3CC857A2BA27}.Release|Any CPU.ActiveCfg = Release|x86
		{61986F0B-6421-4E6F-8D5F-3CC857A2BA27}.Release|Mixed Platforms.ActiveCfg = Release|x86
		{61986F0B-6421-4E6F-8D5F-3CC857A2BA27}.Release|Mixed Platforms.Build.0 = Release|x86
		{61986F0B-6421-4E6F-8D5F-3CC857A2BA27}.Release|x86.ActiveCfg = Release|x86
		{61986F0B-6421-4E6F-8D5F-3CC857A2BA27}.Release|x86.Build.0 = Release|x86
		{6C61AAA5-0D90-4DBD-9599-6F1B0EF2E473}.Debug|Any CPU.ActiveCfg = Debug|x86
		{6C61AAA5-0D90-4DBD-9599-6F1B0EF2E473}.Debug|Mixed Platforms.ActiveCfg = Debug|x86
		{6C61AAA5-0D90-4DBD-9599-6F1B0EF2E473}.Debug|Mixed Platforms.Build.0 = Debug|x86
		{6C61AAA5-0D90-4DBD-9599-6F1B0EF2E473}.Debug|x86.ActiveCfg = Debug|x86
		{6C61AAA5-0D90-4DBD-9599-6F1B0EF2E473}.Debug|x86.Build.0 = Debug|x86
		{6C61AAA5-0D90-4DBD-9599-6F1B0EF2E473}.Release|Any CPU.ActiveCfg = Release|x86
		{6C61AAA5-0D90-4DBD-9599-6F1B0EF2E473}.Release|Mixed Platforms.ActiveCfg = Release|x86
		{6C61AAA5-0D90-4DBD-9599-6F1B0EF2E473}.Release|Mixed Platforms.Build.0 = Release|x86
		{6C61AAA5-0D90-4DBD-9599-6F1B0EF2E473}.Release|x86.ActiveCfg = Release|x86
		{6C61AAA5-0D90-4DBD-9599-6F1B0EF2E473}.Release|x86.Build.0 = Release|x86
	EndGlobalSection
	GlobalSection(SolutionProperties) = preSolution
		HideSolutionNode = FALSE
	EndGlobalSection
EndGlobal
