
Microsoft Visual Studio Solution File, Format Version 11.00
# Visual Studio 2010
Project("{FAE04EC0-301F-11D3-BF4B-00C04F79EFBC}") = "use.of.attributes", "use.of.attributes\use.of.attributes.csproj", "{CC17E65F-E8D7-4D06-B914-C4BD74227438}"
EndProject
Project("{FAE04EC0-301F-11D3-BF4B-00C04F79EFBC}") = "introspection.of.attributes", "introspection.of.attributes\introspection.of.attributes.csproj", "{077D0847-5373-4DD0-A600-BE40C5C41D3D}"
EndProject
Project("{FAE04EC0-301F-11D3-BF4B-00C04F79EFBC}") = "authors", "authors\authors.csproj", "{7F6E91B4-BA4B-4BE6-AA33-4E68CADB8113}"
EndProject
Project("{FAE04EC0-301F-11D3-BF4B-00C04F79EFBC}") = "application.with.attributes", "application.with.attributes\application.with.attributes.csproj", "{ECFF0221-8ECE-4CDD-B581-02CEC89D245A}"
EndProject
Global
	GlobalSection(SolutionConfigurationPlatforms) = preSolution
		Debug|x86 = Debug|x86
		Release|x86 = Release|x86
	EndGlobalSection
	GlobalSection(ProjectConfigurationPlatforms) = postSolution
		{CC17E65F-E8D7-4D06-B914-C4BD74227438}.Debug|x86.ActiveCfg = Debug|x86
		{CC17E65F-E8D7-4D06-B914-C4BD74227438}.Debug|x86.Build.0 = Debug|x86
		{CC17E65F-E8D7-4D06-B914-C4BD74227438}.Release|x86.ActiveCfg = Release|x86
		{CC17E65F-E8D7-4D06-B914-C4BD74227438}.Release|x86.Build.0 = Release|x86
		{077D0847-5373-4DD0-A600-BE40C5C41D3D}.Debug|x86.ActiveCfg = Debug|x86
		{077D0847-5373-4DD0-A600-BE40C5C41D3D}.Debug|x86.Build.0 = Debug|x86
		{077D0847-5373-4DD0-A600-BE40C5C41D3D}.Release|x86.ActiveCfg = Release|x86
		{077D0847-5373-4DD0-A600-BE40C5C41D3D}.Release|x86.Build.0 = Release|x86
		{7F6E91B4-BA4B-4BE6-AA33-4E68CADB8113}.Debug|x86.ActiveCfg = Debug|x86
		{7F6E91B4-BA4B-4BE6-AA33-4E68CADB8113}.Debug|x86.Build.0 = Debug|x86
		{7F6E91B4-BA4B-4BE6-AA33-4E68CADB8113}.Release|x86.ActiveCfg = Release|x86
		{7F6E91B4-BA4B-4BE6-AA33-4E68CADB8113}.Release|x86.Build.0 = Release|x86
		{ECFF0221-8ECE-4CDD-B581-02CEC89D245A}.Debug|x86.ActiveCfg = Debug|x86
		{ECFF0221-8ECE-4CDD-B581-02CEC89D245A}.Debug|x86.Build.0 = Debug|x86
		{ECFF0221-8ECE-4CDD-B581-02CEC89D245A}.Release|x86.ActiveCfg = Release|x86
		{ECFF0221-8ECE-4CDD-B581-02CEC89D245A}.Release|x86.Build.0 = Release|x86
	EndGlobalSection
	GlobalSection(SolutionProperties) = preSolution
		HideSolutionNode = FALSE
	EndGlobalSection
EndGlobal
