
Microsoft Visual Studio Solution File, Format Version 11.00
# Visual Studio 2010
Project("{FAE04EC0-301F-11D3-BF4B-00C04F79EFBC}") = "observer", "observer\observer.csproj", "{CE007B25-7C0A-436E-9329-102FF72425E6}"
EndProject
Project("{FAE04EC0-301F-11D3-BF4B-00C04F79EFBC}") = "lambda", "lambda\lambda.csproj", "{6B68AE53-7A83-4CFD-AF12-33EE95525AF5}"
EndProject
Project("{FAE04EC0-301F-11D3-BF4B-00C04F79EFBC}") = "anonymous.methods", "anonymous.methods\anonymous.methods.csproj", "{3FC46CB9-3DB8-4BDF-BDA1-2D66EEB0DDF4}"
EndProject
Project("{FAE04EC0-301F-11D3-BF4B-00C04F79EFBC}") = "delegates", "delegates\delegates.csproj", "{A54E7606-5236-48BB-941F-B71900087746}"
EndProject
Project("{FAE04EC0-301F-11D3-BF4B-00C04F79EFBC}") = "predefined", "predefined\predefined.csproj", "{F46624DD-D569-4013-9986-3DF2977CDB99}"
EndProject
Global
	GlobalSection(SolutionConfigurationPlatforms) = preSolution
		Debug|x86 = Debug|x86
		Release|x86 = Release|x86
	EndGlobalSection
	GlobalSection(ProjectConfigurationPlatforms) = postSolution
		{CE007B25-7C0A-436E-9329-102FF72425E6}.Debug|x86.ActiveCfg = Debug|x86
		{CE007B25-7C0A-436E-9329-102FF72425E6}.Debug|x86.Build.0 = Debug|x86
		{CE007B25-7C0A-436E-9329-102FF72425E6}.Release|x86.ActiveCfg = Release|x86
		{CE007B25-7C0A-436E-9329-102FF72425E6}.Release|x86.Build.0 = Release|x86
		{6B68AE53-7A83-4CFD-AF12-33EE95525AF5}.Debug|x86.ActiveCfg = Debug|x86
		{6B68AE53-7A83-4CFD-AF12-33EE95525AF5}.Debug|x86.Build.0 = Debug|x86
		{6B68AE53-7A83-4CFD-AF12-33EE95525AF5}.Release|x86.ActiveCfg = Release|x86
		{6B68AE53-7A83-4CFD-AF12-33EE95525AF5}.Release|x86.Build.0 = Release|x86
		{3FC46CB9-3DB8-4BDF-BDA1-2D66EEB0DDF4}.Debug|x86.ActiveCfg = Debug|x86
		{3FC46CB9-3DB8-4BDF-BDA1-2D66EEB0DDF4}.Debug|x86.Build.0 = Debug|x86
		{3FC46CB9-3DB8-4BDF-BDA1-2D66EEB0DDF4}.Release|x86.ActiveCfg = Release|x86
		{3FC46CB9-3DB8-4BDF-BDA1-2D66EEB0DDF4}.Release|x86.Build.0 = Release|x86
		{A54E7606-5236-48BB-941F-B71900087746}.Debug|x86.ActiveCfg = Debug|x86
		{A54E7606-5236-48BB-941F-B71900087746}.Debug|x86.Build.0 = Debug|x86
		{A54E7606-5236-48BB-941F-B71900087746}.Release|x86.ActiveCfg = Release|x86
		{A54E7606-5236-48BB-941F-B71900087746}.Release|x86.Build.0 = Release|x86
		{F46624DD-D569-4013-9986-3DF2977CDB99}.Debug|x86.ActiveCfg = Debug|x86
		{F46624DD-D569-4013-9986-3DF2977CDB99}.Debug|x86.Build.0 = Debug|x86
		{F46624DD-D569-4013-9986-3DF2977CDB99}.Release|x86.ActiveCfg = Release|x86
		{F46624DD-D569-4013-9986-3DF2977CDB99}.Release|x86.Build.0 = Release|x86
	EndGlobalSection
	GlobalSection(SolutionProperties) = preSolution
		HideSolutionNode = FALSE
	EndGlobalSection
EndGlobal
