
Microsoft Visual Studio Solution File, Format Version 12.00
# Visual Studio 2012
Project("{FAE04EC0-301F-11D3-BF4B-00C04F79EFBC}") = "willyOS", "willyOS\willyOS.csproj", "{56CF8499-4864-43EE-9EF6-D0FCCB4C2157}"
EndProject
Project("{FAE04EC0-301F-11D3-BF4B-00C04F79EFBC}") = "willyOSTests", "willyOSTests\willyOSTests.csproj", "{04C871AD-FDE0-4EBC-BF26-A363687316BC}"
EndProject
Project("{FAE04EC0-301F-11D3-BF4B-00C04F79EFBC}") = "examples", "examples\examples.csproj", "{743D3D3E-53EE-4A94-AB26-C2500B4E5AAA}"
EndProject
Global
	GlobalSection(SolutionConfigurationPlatforms) = preSolution
		Debug|x86 = Debug|x86
		Release|x86 = Release|x86
	EndGlobalSection
	GlobalSection(ProjectConfigurationPlatforms) = postSolution
		{56CF8499-4864-43EE-9EF6-D0FCCB4C2157}.Debug|x86.ActiveCfg = Debug|x86
		{56CF8499-4864-43EE-9EF6-D0FCCB4C2157}.Debug|x86.Build.0 = Debug|x86
		{56CF8499-4864-43EE-9EF6-D0FCCB4C2157}.Release|x86.ActiveCfg = Release|x86
		{56CF8499-4864-43EE-9EF6-D0FCCB4C2157}.Release|x86.Build.0 = Release|x86
		{04C871AD-FDE0-4EBC-BF26-A363687316BC}.Debug|x86.ActiveCfg = Debug|Any CPU
		{04C871AD-FDE0-4EBC-BF26-A363687316BC}.Debug|x86.Build.0 = Debug|Any CPU
		{04C871AD-FDE0-4EBC-BF26-A363687316BC}.Release|x86.ActiveCfg = Release|Any CPU
		{04C871AD-FDE0-4EBC-BF26-A363687316BC}.Release|x86.Build.0 = Release|Any CPU
		{743D3D3E-53EE-4A94-AB26-C2500B4E5AAA}.Debug|x86.ActiveCfg = Debug|x86
		{743D3D3E-53EE-4A94-AB26-C2500B4E5AAA}.Debug|x86.Build.0 = Debug|x86
		{743D3D3E-53EE-4A94-AB26-C2500B4E5AAA}.Release|x86.ActiveCfg = Release|x86
		{743D3D3E-53EE-4A94-AB26-C2500B4E5AAA}.Release|x86.Build.0 = Release|x86
	EndGlobalSection
EndGlobal
