
Microsoft Visual Studio Solution File, Format Version 12.00
# Visual Studio 2012
Project("{FAE04EC0-301F-11D3-BF4B-00C04F79EFBC}") = "context.switching", "context.switching\context.switching.csproj", "{319EE5CD-AD11-4E52-9DB1-2A6C342916F0}"
EndProject
Project("{FAE04EC0-301F-11D3-BF4B-00C04F79EFBC}") = "daemon", "daemon\daemon.csproj", "{48203DD6-4FA0-41C3-8EED-B8E3342BC1D4}"
EndProject
Project("{FAE04EC0-301F-11D3-BF4B-00C04F79EFBC}") = "asynchronous.exceptions", "asynchronous.exceptions\asynchronous.exceptions.csproj", "{ED037B9C-1A95-4E11-8129-51E6D20C1C9B}"
EndProject
Project("{FAE04EC0-301F-11D3-BF4B-00C04F79EFBC}") = "vector.modulus", "vector.modulus\vector.modulus.csproj", "{60608859-0619-4E99-A07C-CAAB0774670C}"
EndProject
Project("{FAE04EC0-301F-11D3-BF4B-00C04F79EFBC}") = "parameters", "parameters\parameters.csproj", "{BDF08B9D-9F54-4999-9E3B-61DC8C7D4E8C}"
EndProject
Project("{FAE04EC0-301F-11D3-BF4B-00C04F79EFBC}") = "bound.variables", "bound.variables\bound.variables.csproj", "{7F15F778-3CF4-4B20-9C44-893D16D986F9}"
EndProject
Project("{FAE04EC0-301F-11D3-BF4B-00C04F79EFBC}") = "vector.modulus.test", "vector.modulus.test\vector.modulus.test.csproj", "{9E99957C-6941-4252-8DCB-52355108AE55}"
EndProject
Global
	GlobalSection(SolutionConfigurationPlatforms) = preSolution
		Debug|Any CPU = Debug|Any CPU
		Debug|Mixed Platforms = Debug|Mixed Platforms
		Debug|x64 = Debug|x64
		Debug|x86 = Debug|x86
		Release|Any CPU = Release|Any CPU
		Release|Mixed Platforms = Release|Mixed Platforms
		Release|x64 = Release|x64
		Release|x86 = Release|x86
	EndGlobalSection
	GlobalSection(ProjectConfigurationPlatforms) = postSolution
		{319EE5CD-AD11-4E52-9DB1-2A6C342916F0}.Debug|Any CPU.ActiveCfg = Debug|x86
		{319EE5CD-AD11-4E52-9DB1-2A6C342916F0}.Debug|Any CPU.Build.0 = Debug|x86
		{319EE5CD-AD11-4E52-9DB1-2A6C342916F0}.Debug|Mixed Platforms.ActiveCfg = Debug|x86
		{319EE5CD-AD11-4E52-9DB1-2A6C342916F0}.Debug|Mixed Platforms.Build.0 = Debug|x86
		{319EE5CD-AD11-4E52-9DB1-2A6C342916F0}.Debug|x64.ActiveCfg = Debug|x86
		{319EE5CD-AD11-4E52-9DB1-2A6C342916F0}.Debug|x86.ActiveCfg = Debug|x86
		{319EE5CD-AD11-4E52-9DB1-2A6C342916F0}.Debug|x86.Build.0 = Debug|x86
		{319EE5CD-AD11-4E52-9DB1-2A6C342916F0}.Release|Any CPU.ActiveCfg = Release|x86
		{319EE5CD-AD11-4E52-9DB1-2A6C342916F0}.Release|Any CPU.Build.0 = Release|x86
		{319EE5CD-AD11-4E52-9DB1-2A6C342916F0}.Release|Mixed Platforms.ActiveCfg = Release|x86
		{319EE5CD-AD11-4E52-9DB1-2A6C342916F0}.Release|Mixed Platforms.Build.0 = Release|x86
		{319EE5CD-AD11-4E52-9DB1-2A6C342916F0}.Release|x64.ActiveCfg = Release|x86
		{319EE5CD-AD11-4E52-9DB1-2A6C342916F0}.Release|x86.ActiveCfg = Release|x86
		{319EE5CD-AD11-4E52-9DB1-2A6C342916F0}.Release|x86.Build.0 = Release|x86
		{48203DD6-4FA0-41C3-8EED-B8E3342BC1D4}.Debug|Any CPU.ActiveCfg = Debug|x86
		{48203DD6-4FA0-41C3-8EED-B8E3342BC1D4}.Debug|Any CPU.Build.0 = Debug|x86
		{48203DD6-4FA0-41C3-8EED-B8E3342BC1D4}.Debug|Mixed Platforms.ActiveCfg = Debug|x86
		{48203DD6-4FA0-41C3-8EED-B8E3342BC1D4}.Debug|Mixed Platforms.Build.0 = Debug|x86
		{48203DD6-4FA0-41C3-8EED-B8E3342BC1D4}.Debug|x64.ActiveCfg = Debug|x86
		{48203DD6-4FA0-41C3-8EED-B8E3342BC1D4}.Debug|x86.ActiveCfg = Debug|x86
		{48203DD6-4FA0-41C3-8EED-B8E3342BC1D4}.Debug|x86.Build.0 = Debug|x86
		{48203DD6-4FA0-41C3-8EED-B8E3342BC1D4}.Release|Any CPU.ActiveCfg = Release|x86
		{48203DD6-4FA0-41C3-8EED-B8E3342BC1D4}.Release|Any CPU.Build.0 = Release|x86
		{48203DD6-4FA0-41C3-8EED-B8E3342BC1D4}.Release|Mixed Platforms.ActiveCfg = Release|x86
		{48203DD6-4FA0-41C3-8EED-B8E3342BC1D4}.Release|Mixed Platforms.Build.0 = Release|x86
		{48203DD6-4FA0-41C3-8EED-B8E3342BC1D4}.Release|x64.ActiveCfg = Release|x86
		{48203DD6-4FA0-41C3-8EED-B8E3342BC1D4}.Release|x86.ActiveCfg = Release|x86
		{48203DD6-4FA0-41C3-8EED-B8E3342BC1D4}.Release|x86.Build.0 = Release|x86
		{ED037B9C-1A95-4E11-8129-51E6D20C1C9B}.Debug|Any CPU.ActiveCfg = Debug|x86
		{ED037B9C-1A95-4E11-8129-51E6D20C1C9B}.Debug|Any CPU.Build.0 = Debug|x86
		{ED037B9C-1A95-4E11-8129-51E6D20C1C9B}.Debug|Mixed Platforms.ActiveCfg = Debug|x86
		{ED037B9C-1A95-4E11-8129-51E6D20C1C9B}.Debug|Mixed Platforms.Build.0 = Debug|x86
		{ED037B9C-1A95-4E11-8129-51E6D20C1C9B}.Debug|x64.ActiveCfg = Debug|x86
		{ED037B9C-1A95-4E11-8129-51E6D20C1C9B}.Debug|x86.ActiveCfg = Debug|x86
		{ED037B9C-1A95-4E11-8129-51E6D20C1C9B}.Debug|x86.Build.0 = Debug|x86
		{ED037B9C-1A95-4E11-8129-51E6D20C1C9B}.Release|Any CPU.ActiveCfg = Release|x86
		{ED037B9C-1A95-4E11-8129-51E6D20C1C9B}.Release|Any CPU.Build.0 = Release|x86
		{ED037B9C-1A95-4E11-8129-51E6D20C1C9B}.Release|Mixed Platforms.ActiveCfg = Release|x86
		{ED037B9C-1A95-4E11-8129-51E6D20C1C9B}.Release|Mixed Platforms.Build.0 = Release|x86
		{ED037B9C-1A95-4E11-8129-51E6D20C1C9B}.Release|x64.ActiveCfg = Release|x86
		{ED037B9C-1A95-4E11-8129-51E6D20C1C9B}.Release|x86.ActiveCfg = Release|x86
		{ED037B9C-1A95-4E11-8129-51E6D20C1C9B}.Release|x86.Build.0 = Release|x86
		{60608859-0619-4E99-A07C-CAAB0774670C}.Debug|Any CPU.ActiveCfg = Debug|x86
		{60608859-0619-4E99-A07C-CAAB0774670C}.Debug|Any CPU.Build.0 = Debug|x86
		{60608859-0619-4E99-A07C-CAAB0774670C}.Debug|Mixed Platforms.ActiveCfg = Debug|x86
		{60608859-0619-4E99-A07C-CAAB0774670C}.Debug|Mixed Platforms.Build.0 = Debug|x86
		{60608859-0619-4E99-A07C-CAAB0774670C}.Debug|x64.ActiveCfg = Debug|x86
		{60608859-0619-4E99-A07C-CAAB0774670C}.Debug|x86.ActiveCfg = Debug|x86
		{60608859-0619-4E99-A07C-CAAB0774670C}.Debug|x86.Build.0 = Debug|x86
		{60608859-0619-4E99-A07C-CAAB0774670C}.Release|Any CPU.ActiveCfg = Release|x86
		{60608859-0619-4E99-A07C-CAAB0774670C}.Release|Any CPU.Build.0 = Release|x86
		{60608859-0619-4E99-A07C-CAAB0774670C}.Release|Mixed Platforms.ActiveCfg = Release|x86
		{60608859-0619-4E99-A07C-CAAB0774670C}.Release|Mixed Platforms.Build.0 = Release|x86
		{60608859-0619-4E99-A07C-CAAB0774670C}.Release|x64.ActiveCfg = Release|x86
		{60608859-0619-4E99-A07C-CAAB0774670C}.Release|x86.ActiveCfg = Release|x86
		{60608859-0619-4E99-A07C-CAAB0774670C}.Release|x86.Build.0 = Release|x86
		{BDF08B9D-9F54-4999-9E3B-61DC8C7D4E8C}.Debug|Any CPU.ActiveCfg = Debug|x86
		{BDF08B9D-9F54-4999-9E3B-61DC8C7D4E8C}.Debug|Any CPU.Build.0 = Debug|x86
		{BDF08B9D-9F54-4999-9E3B-61DC8C7D4E8C}.Debug|Mixed Platforms.ActiveCfg = Debug|x86
		{BDF08B9D-9F54-4999-9E3B-61DC8C7D4E8C}.Debug|Mixed Platforms.Build.0 = Debug|x86
		{BDF08B9D-9F54-4999-9E3B-61DC8C7D4E8C}.Debug|x64.ActiveCfg = Debug|x86
		{BDF08B9D-9F54-4999-9E3B-61DC8C7D4E8C}.Debug|x86.ActiveCfg = Debug|x86
		{BDF08B9D-9F54-4999-9E3B-61DC8C7D4E8C}.Debug|x86.Build.0 = Debug|x86
		{BDF08B9D-9F54-4999-9E3B-61DC8C7D4E8C}.Release|Any CPU.ActiveCfg = Release|x86
		{BDF08B9D-9F54-4999-9E3B-61DC8C7D4E8C}.Release|Any CPU.Build.0 = Release|x86
		{BDF08B9D-9F54-4999-9E3B-61DC8C7D4E8C}.Release|Mixed Platforms.ActiveCfg = Release|x86
		{BDF08B9D-9F54-4999-9E3B-61DC8C7D4E8C}.Release|Mixed Platforms.Build.0 = Release|x86
		{BDF08B9D-9F54-4999-9E3B-61DC8C7D4E8C}.Release|x64.ActiveCfg = Release|x86
		{BDF08B9D-9F54-4999-9E3B-61DC8C7D4E8C}.Release|x86.ActiveCfg = Release|x86
		{BDF08B9D-9F54-4999-9E3B-61DC8C7D4E8C}.Release|x86.Build.0 = Release|x86
		{7F15F778-3CF4-4B20-9C44-893D16D986F9}.Debug|Any CPU.ActiveCfg = Debug|x86
		{7F15F778-3CF4-4B20-9C44-893D16D986F9}.Debug|Any CPU.Build.0 = Debug|x86
		{7F15F778-3CF4-4B20-9C44-893D16D986F9}.Debug|Mixed Platforms.ActiveCfg = Debug|x86
		{7F15F778-3CF4-4B20-9C44-893D16D986F9}.Debug|Mixed Platforms.Build.0 = Debug|x86
		{7F15F778-3CF4-4B20-9C44-893D16D986F9}.Debug|x64.ActiveCfg = Debug|x86
		{7F15F778-3CF4-4B20-9C44-893D16D986F9}.Debug|x86.ActiveCfg = Debug|x86
		{7F15F778-3CF4-4B20-9C44-893D16D986F9}.Debug|x86.Build.0 = Debug|x86
		{7F15F778-3CF4-4B20-9C44-893D16D986F9}.Release|Any CPU.ActiveCfg = Release|x86
		{7F15F778-3CF4-4B20-9C44-893D16D986F9}.Release|Any CPU.Build.0 = Release|x86
		{7F15F778-3CF4-4B20-9C44-893D16D986F9}.Release|Mixed Platforms.ActiveCfg = Release|x86
		{7F15F778-3CF4-4B20-9C44-893D16D986F9}.Release|Mixed Platforms.Build.0 = Release|x86
		{7F15F778-3CF4-4B20-9C44-893D16D986F9}.Release|x64.ActiveCfg = Release|x86
		{7F15F778-3CF4-4B20-9C44-893D16D986F9}.Release|x86.ActiveCfg = Release|x86
		{7F15F778-3CF4-4B20-9C44-893D16D986F9}.Release|x86.Build.0 = Release|x86
		{9E99957C-6941-4252-8DCB-52355108AE55}.Debug|Any CPU.ActiveCfg = Debug|Any CPU
		{9E99957C-6941-4252-8DCB-52355108AE55}.Debug|Any CPU.Build.0 = Debug|Any CPU
		{9E99957C-6941-4252-8DCB-52355108AE55}.Debug|Mixed Platforms.ActiveCfg = Debug|Any CPU
		{9E99957C-6941-4252-8DCB-52355108AE55}.Debug|Mixed Platforms.Build.0 = Debug|Any CPU
		{9E99957C-6941-4252-8DCB-52355108AE55}.Debug|x64.ActiveCfg = Debug|x64
		{9E99957C-6941-4252-8DCB-52355108AE55}.Debug|x64.Build.0 = Debug|x64
		{9E99957C-6941-4252-8DCB-52355108AE55}.Debug|x86.ActiveCfg = Debug|Any CPU
		{9E99957C-6941-4252-8DCB-52355108AE55}.Release|Any CPU.ActiveCfg = Release|Any CPU
		{9E99957C-6941-4252-8DCB-52355108AE55}.Release|Any CPU.Build.0 = Release|Any CPU
		{9E99957C-6941-4252-8DCB-52355108AE55}.Release|Mixed Platforms.ActiveCfg = Release|Any CPU
		{9E99957C-6941-4252-8DCB-52355108AE55}.Release|Mixed Platforms.Build.0 = Release|Any CPU
		{9E99957C-6941-4252-8DCB-52355108AE55}.Release|x64.ActiveCfg = Release|Any CPU
		{9E99957C-6941-4252-8DCB-52355108AE55}.Release|x64.Build.0 = Release|Any CPU
		{9E99957C-6941-4252-8DCB-52355108AE55}.Release|x86.ActiveCfg = Release|Any CPU
	EndGlobalSection
	GlobalSection(SolutionProperties) = preSolution
		HideSolutionNode = FALSE
	EndGlobalSection
EndGlobal
