
Microsoft Visual Studio Solution File, Format Version 11.00
# Visual Studio 2010
Project("{FAE04EC0-301F-11D3-BF4B-00C04F79EFBC}") = "enumerables", "enumerables\enumerables.csproj", "{96407595-21CF-439D-BAFD-020B3DDA8A8F}"
EndProject
Project("{FAE04EC0-301F-11D3-BF4B-00C04F79EFBC}") = "nullable", "nullable\nullable.csproj", "{725A5A0C-3041-426D-85E6-B0F6F34238EB}"
EndProject
Project("{FAE04EC0-301F-11D3-BF4B-00C04F79EFBC}") = "classes", "classes\classes.csproj", "{B21BED64-DE47-41AC-8D35-7F889BBAA0A7}"
EndProject
Project("{FAE04EC0-301F-11D3-BF4B-00C04F79EFBC}") = "bounded", "bounded\bounded.csproj", "{C41D5E8D-7508-431D-80F7-81099C078E6D}"
EndProject
Project("{FAE04EC0-301F-11D3-BF4B-00C04F79EFBC}") = "inference", "inference\inference.csproj", "{AC5F30E9-AC36-4D03-9748-2F48649ABDE1}"
EndProject
Project("{FAE04EC0-301F-11D3-BF4B-00C04F79EFBC}") = "methods", "methods\methods.csproj", "{CC41EEAB-5372-449D-8C45-09B46DEF2F34}"
EndProject
Global
	GlobalSection(SolutionConfigurationPlatforms) = preSolution
		Debug|Any CPU = Debug|Any CPU
		Debug|Mixed Platforms = Debug|Mixed Platforms
		Debug|x86 = Debug|x86
		Release|Any CPU = Release|Any CPU
		Release|Mixed Platforms = Release|Mixed Platforms
		Release|x86 = Release|x86
	EndGlobalSection
	GlobalSection(ProjectConfigurationPlatforms) = postSolution
		{96407595-21CF-439D-BAFD-020B3DDA8A8F}.Debug|Any CPU.ActiveCfg = Debug|x86
		{96407595-21CF-439D-BAFD-020B3DDA8A8F}.Debug|Mixed Platforms.ActiveCfg = Debug|x86
		{96407595-21CF-439D-BAFD-020B3DDA8A8F}.Debug|Mixed Platforms.Build.0 = Debug|x86
		{96407595-21CF-439D-BAFD-020B3DDA8A8F}.Debug|x86.ActiveCfg = Debug|x86
		{96407595-21CF-439D-BAFD-020B3DDA8A8F}.Debug|x86.Build.0 = Debug|x86
		{96407595-21CF-439D-BAFD-020B3DDA8A8F}.Release|Any CPU.ActiveCfg = Release|x86
		{96407595-21CF-439D-BAFD-020B3DDA8A8F}.Release|Mixed Platforms.ActiveCfg = Release|x86
		{96407595-21CF-439D-BAFD-020B3DDA8A8F}.Release|Mixed Platforms.Build.0 = Release|x86
		{96407595-21CF-439D-BAFD-020B3DDA8A8F}.Release|x86.ActiveCfg = Release|x86
		{96407595-21CF-439D-BAFD-020B3DDA8A8F}.Release|x86.Build.0 = Release|x86
		{725A5A0C-3041-426D-85E6-B0F6F34238EB}.Debug|Any CPU.ActiveCfg = Debug|x86
		{725A5A0C-3041-426D-85E6-B0F6F34238EB}.Debug|Mixed Platforms.ActiveCfg = Debug|x86
		{725A5A0C-3041-426D-85E6-B0F6F34238EB}.Debug|Mixed Platforms.Build.0 = Debug|x86
		{725A5A0C-3041-426D-85E6-B0F6F34238EB}.Debug|x86.ActiveCfg = Debug|x86
		{725A5A0C-3041-426D-85E6-B0F6F34238EB}.Debug|x86.Build.0 = Debug|x86
		{725A5A0C-3041-426D-85E6-B0F6F34238EB}.Release|Any CPU.ActiveCfg = Release|x86
		{725A5A0C-3041-426D-85E6-B0F6F34238EB}.Release|Mixed Platforms.ActiveCfg = Release|x86
		{725A5A0C-3041-426D-85E6-B0F6F34238EB}.Release|Mixed Platforms.Build.0 = Release|x86
		{725A5A0C-3041-426D-85E6-B0F6F34238EB}.Release|x86.ActiveCfg = Release|x86
		{725A5A0C-3041-426D-85E6-B0F6F34238EB}.Release|x86.Build.0 = Release|x86
		{B21BED64-DE47-41AC-8D35-7F889BBAA0A7}.Debug|Any CPU.ActiveCfg = Debug|x86
		{B21BED64-DE47-41AC-8D35-7F889BBAA0A7}.Debug|Mixed Platforms.ActiveCfg = Debug|x86
		{B21BED64-DE47-41AC-8D35-7F889BBAA0A7}.Debug|Mixed Platforms.Build.0 = Debug|x86
		{B21BED64-DE47-41AC-8D35-7F889BBAA0A7}.Debug|x86.ActiveCfg = Debug|x86
		{B21BED64-DE47-41AC-8D35-7F889BBAA0A7}.Debug|x86.Build.0 = Debug|x86
		{B21BED64-DE47-41AC-8D35-7F889BBAA0A7}.Release|Any CPU.ActiveCfg = Release|x86
		{B21BED64-DE47-41AC-8D35-7F889BBAA0A7}.Release|Mixed Platforms.ActiveCfg = Release|x86
		{B21BED64-DE47-41AC-8D35-7F889BBAA0A7}.Release|Mixed Platforms.Build.0 = Release|x86
		{B21BED64-DE47-41AC-8D35-7F889BBAA0A7}.Release|x86.ActiveCfg = Release|x86
		{B21BED64-DE47-41AC-8D35-7F889BBAA0A7}.Release|x86.Build.0 = Release|x86
		{C41D5E8D-7508-431D-80F7-81099C078E6D}.Debug|Any CPU.ActiveCfg = Debug|x86
		{C41D5E8D-7508-431D-80F7-81099C078E6D}.Debug|Mixed Platforms.ActiveCfg = Debug|x86
		{C41D5E8D-7508-431D-80F7-81099C078E6D}.Debug|Mixed Platforms.Build.0 = Debug|x86
		{C41D5E8D-7508-431D-80F7-81099C078E6D}.Debug|x86.ActiveCfg = Debug|x86
		{C41D5E8D-7508-431D-80F7-81099C078E6D}.Debug|x86.Build.0 = Debug|x86
		{C41D5E8D-7508-431D-80F7-81099C078E6D}.Release|Any CPU.ActiveCfg = Release|x86
		{C41D5E8D-7508-431D-80F7-81099C078E6D}.Release|Mixed Platforms.ActiveCfg = Release|x86
		{C41D5E8D-7508-431D-80F7-81099C078E6D}.Release|Mixed Platforms.Build.0 = Release|x86
		{C41D5E8D-7508-431D-80F7-81099C078E6D}.Release|x86.ActiveCfg = Release|x86
		{C41D5E8D-7508-431D-80F7-81099C078E6D}.Release|x86.Build.0 = Release|x86
		{AC5F30E9-AC36-4D03-9748-2F48649ABDE1}.Debug|Any CPU.ActiveCfg = Debug|x86
		{AC5F30E9-AC36-4D03-9748-2F48649ABDE1}.Debug|Mixed Platforms.ActiveCfg = Debug|x86
		{AC5F30E9-AC36-4D03-9748-2F48649ABDE1}.Debug|Mixed Platforms.Build.0 = Debug|x86
		{AC5F30E9-AC36-4D03-9748-2F48649ABDE1}.Debug|x86.ActiveCfg = Debug|x86
		{AC5F30E9-AC36-4D03-9748-2F48649ABDE1}.Debug|x86.Build.0 = Debug|x86
		{AC5F30E9-AC36-4D03-9748-2F48649ABDE1}.Release|Any CPU.ActiveCfg = Release|x86
		{AC5F30E9-AC36-4D03-9748-2F48649ABDE1}.Release|Mixed Platforms.ActiveCfg = Release|x86
		{AC5F30E9-AC36-4D03-9748-2F48649ABDE1}.Release|Mixed Platforms.Build.0 = Release|x86
		{AC5F30E9-AC36-4D03-9748-2F48649ABDE1}.Release|x86.ActiveCfg = Release|x86
		{AC5F30E9-AC36-4D03-9748-2F48649ABDE1}.Release|x86.Build.0 = Release|x86
		{CC41EEAB-5372-449D-8C45-09B46DEF2F34}.Debug|Any CPU.ActiveCfg = Debug|x86
		{CC41EEAB-5372-449D-8C45-09B46DEF2F34}.Debug|Mixed Platforms.ActiveCfg = Debug|x86
		{CC41EEAB-5372-449D-8C45-09B46DEF2F34}.Debug|Mixed Platforms.Build.0 = Debug|x86
		{CC41EEAB-5372-449D-8C45-09B46DEF2F34}.Debug|x86.ActiveCfg = Debug|x86
		{CC41EEAB-5372-449D-8C45-09B46DEF2F34}.Debug|x86.Build.0 = Debug|x86
		{CC41EEAB-5372-449D-8C45-09B46DEF2F34}.Release|Any CPU.ActiveCfg = Release|x86
		{CC41EEAB-5372-449D-8C45-09B46DEF2F34}.Release|Mixed Platforms.ActiveCfg = Release|x86
		{CC41EEAB-5372-449D-8C45-09B46DEF2F34}.Release|Mixed Platforms.Build.0 = Release|x86
		{CC41EEAB-5372-449D-8C45-09B46DEF2F34}.Release|x86.ActiveCfg = Release|x86
		{CC41EEAB-5372-449D-8C45-09B46DEF2F34}.Release|x86.Build.0 = Release|x86
	EndGlobalSection
	GlobalSection(SolutionProperties) = preSolution
		HideSolutionNode = FALSE
	EndGlobalSection
EndGlobal
