
Microsoft Visual Studio Solution File, Format Version 11.00
# Visual Studio 2010
Project("{FAE04EC0-301F-11D3-BF4B-00C04F79EFBC}") = "interlocked", "interlocked\interlocked.csproj", "{D1F0BB4F-EB65-436F-8705-FB08677FA9B9}"
EndProject
Project("{FAE04EC0-301F-11D3-BF4B-00C04F79EFBC}") = "mutex", "mutex\mutex.csproj", "{529CD0F3-E1CC-49BE-9FA7-F05A757ED563}"
EndProject
Project("{FAE04EC0-301F-11D3-BF4B-00C04F79EFBC}") = "synchronized.colors", "synchronized.colors\synchronized.colors.csproj", "{DEC55A7A-A548-47C1-B72F-E50B54D2FD76}"
EndProject
Project("{FAE04EC0-301F-11D3-BF4B-00C04F79EFBC}") = "non.synchronized.colors", "non.synchronized.colors\non.synchronized.colors.csproj", "{D6FE22D5-96A8-4DAD-8A80-0E6E5A87605F}"
EndProject
Project("{FAE04EC0-301F-11D3-BF4B-00C04F79EFBC}") = "semaphore", "semaphore\semaphore.csproj", "{579F360F-D1D7-42A1-9520-58A04D5E7C91}"
EndProject
Global
	GlobalSection(SolutionConfigurationPlatforms) = preSolution
		Debug|x86 = Debug|x86
		Release|x86 = Release|x86
	EndGlobalSection
	GlobalSection(ProjectConfigurationPlatforms) = postSolution
		{D1F0BB4F-EB65-436F-8705-FB08677FA9B9}.Debug|x86.ActiveCfg = Debug|x86
		{D1F0BB4F-EB65-436F-8705-FB08677FA9B9}.Debug|x86.Build.0 = Debug|x86
		{D1F0BB4F-EB65-436F-8705-FB08677FA9B9}.Release|x86.ActiveCfg = Release|x86
		{D1F0BB4F-EB65-436F-8705-FB08677FA9B9}.Release|x86.Build.0 = Release|x86
		{529CD0F3-E1CC-49BE-9FA7-F05A757ED563}.Debug|x86.ActiveCfg = Debug|x86
		{529CD0F3-E1CC-49BE-9FA7-F05A757ED563}.Debug|x86.Build.0 = Debug|x86
		{529CD0F3-E1CC-49BE-9FA7-F05A757ED563}.Release|x86.ActiveCfg = Release|x86
		{529CD0F3-E1CC-49BE-9FA7-F05A757ED563}.Release|x86.Build.0 = Release|x86
		{DEC55A7A-A548-47C1-B72F-E50B54D2FD76}.Debug|x86.ActiveCfg = Debug|x86
		{DEC55A7A-A548-47C1-B72F-E50B54D2FD76}.Debug|x86.Build.0 = Debug|x86
		{DEC55A7A-A548-47C1-B72F-E50B54D2FD76}.Release|x86.ActiveCfg = Release|x86
		{DEC55A7A-A548-47C1-B72F-E50B54D2FD76}.Release|x86.Build.0 = Release|x86
		{D6FE22D5-96A8-4DAD-8A80-0E6E5A87605F}.Debug|x86.ActiveCfg = Debug|x86
		{D6FE22D5-96A8-4DAD-8A80-0E6E5A87605F}.Debug|x86.Build.0 = Debug|x86
		{D6FE22D5-96A8-4DAD-8A80-0E6E5A87605F}.Release|x86.ActiveCfg = Release|x86
		{D6FE22D5-96A8-4DAD-8A80-0E6E5A87605F}.Release|x86.Build.0 = Release|x86
		{579F360F-D1D7-42A1-9520-58A04D5E7C91}.Debug|x86.ActiveCfg = Debug|x86
		{579F360F-D1D7-42A1-9520-58A04D5E7C91}.Debug|x86.Build.0 = Debug|x86
		{579F360F-D1D7-42A1-9520-58A04D5E7C91}.Release|x86.ActiveCfg = Release|x86
		{579F360F-D1D7-42A1-9520-58A04D5E7C91}.Release|x86.Build.0 = Release|x86
	EndGlobalSection
	GlobalSection(SolutionProperties) = preSolution
		HideSolutionNode = FALSE
	EndGlobalSection
EndGlobal
